
Microsoft Visual Studio Solution File, Format Version 12.00
# Visual Studio 15
VisualStudioVersion = 15.0.28010.2003
MinimumVisualStudioVersion = 10.0.40219.1
Project("{FAE04EC0-301F-11D3-BF4B-00C04F79EFBC}") = "CSharpTaskParallelLibrary", "CSharpTaskParallelLibrary\CSharpTaskParallelLibrary.csproj", "{3D64332B-8CC2-40F5-9B2D-DDAFA753A7F2}"
EndProject
Global
	GlobalSection(SolutionConfigurationPlatforms) = preSolution
		Debug|Any CPU = Debug|Any CPU
		Release|Any CPU = Release|Any CPU
	EndGlobalSection
	GlobalSection(ProjectConfigurationPlatforms) = postSolution
		{3D64332B-8CC2-40F5-9B2D-DDAFA753A7F2}.Debug|Any CPU.ActiveCfg = Debug|Any CPU
		{3D64332B-8CC2-40F5-9B2D-DDAFA753A7F2}.Debug|Any CPU.Build.0 = Debug|Any CPU
		{3D64332B-8CC2-40F5-9B2D-DDAFA753A7F2}.Release|Any CPU.ActiveCfg = Release|Any CPU
		{3D64332B-8CC2-40F5-9B2D-DDAFA753A7F2}.Release|Any CPU.Build.0 = Release|Any CPU
	EndGlobalSection
	GlobalSection(SolutionProperties) = preSolution
		HideSolutionNode = FALSE
	EndGlobalSection
	GlobalSection(ExtensibilityGlobals) = postSolution
		SolutionGuid = {EEFF87C9-0690-4B61-BC87-43666E7496A9}
	EndGlobalSection
EndGlobal
